
Microsoft Visual Studio Solution File, Format Version 12.00
# Visual Studio Version 16
VisualStudioVersion = 16.0.32407.337
MinimumVisualStudioVersion = 10.0.40219.1
Project("{FAE04EC0-301F-11D3-BF4B-00C04F79EFBC}") = "ProjectEuler", "ProjectEuler.csproj", "{D3A504EE-1309-4055-BC33-5945886B0DBD}"
EndProject
Global
	GlobalSection(SolutionConfigurationPlatforms) = preSolution
		Debug|Any CPU = Debug|Any CPU
		Release|Any CPU = Release|Any CPU
	EndGlobalSection
	GlobalSection(ProjectConfigurationPlatforms) = postSolution
		{D3A504EE-1309-4055-BC33-5945886B0DBD}.Debug|Any CPU.ActiveCfg = Debug|Any CPU
		{D3A504EE-1309-4055-BC33-5945886B0DBD}.Debug|Any CPU.Build.0 = Debug|Any CPU
		{D3A504EE-1309-4055-BC33-5945886B0DBD}.Release|Any CPU.ActiveCfg = Release|Any CPU
		{D3A504EE-1309-4055-BC33-5945886B0DBD}.Release|Any CPU.Build.0 = Release|Any CPU
	EndGlobalSection
	GlobalSection(SolutionProperties) = preSolution
		HideSolutionNode = FALSE
	EndGlobalSection
	GlobalSection(ExtensibilityGlobals) = postSolution
		SolutionGuid = {A7A06CE1-BD4A-4620-8F42-7CFBF2953CCA}
	EndGlobalSection
EndGlobal
