
Microsoft Visual Studio Solution File, Format Version 12.00
# Visual Studio Version 16
VisualStudioVersion = 16.0.32407.337
MinimumVisualStudioVersion = 10.0.40219.1
Project("{FAE04EC0-301F-11D3-BF4B-00C04F79EFBC}") = "ProjectEuler", "ProjectEuler.csproj", "{D77CD17F-6EFD-4BEB-B43E-756DCA9FF591}"
EndProject
Global
	GlobalSection(SolutionConfigurationPlatforms) = preSolution
		Debug|Any CPU = Debug|Any CPU
		Release|Any CPU = Release|Any CPU
	EndGlobalSection
	GlobalSection(ProjectConfigurationPlatforms) = postSolution
		{D77CD17F-6EFD-4BEB-B43E-756DCA9FF591}.Debug|Any CPU.ActiveCfg = Debug|Any CPU
		{D77CD17F-6EFD-4BEB-B43E-756DCA9FF591}.Debug|Any CPU.Build.0 = Debug|Any CPU
		{D77CD17F-6EFD-4BEB-B43E-756DCA9FF591}.Release|Any CPU.ActiveCfg = Release|Any CPU
		{D77CD17F-6EFD-4BEB-B43E-756DCA9FF591}.Release|Any CPU.Build.0 = Release|Any CPU
	EndGlobalSection
	GlobalSection(SolutionProperties) = preSolution
		HideSolutionNode = FALSE
	EndGlobalSection
	GlobalSection(ExtensibilityGlobals) = postSolution
		SolutionGuid = {114E4B8E-F6EB-4CCF-BD1B-82F5A8F891DD}
	EndGlobalSection
EndGlobal
